
Microsoft Visual Studio Solution File, Format Version 12.00
# Visual Studio Version 16
VisualStudioVersion = 16.0.29201.188
MinimumVisualStudioVersion = 10.0.40219.1
Project("{8BC9CEB8-8B4A-11D0-8D11-00A0C91BC942}") = "VulkanTest", "VulkanTest\VulkanTest.vcxproj", "{45406504-615C-41E6-842D-796C9F2CCEFE}"
EndProject
Global
	GlobalSection(SolutionConfigurationPlatforms) = preSolution
		Debug|x64 = Debug|x64
		Debug|x86 = Debug|x86
		Release|x64 = Release|x64
		Release|x86 = Release|x86
	EndGlobalSection
	GlobalSection(ProjectConfigurationPlatforms) = postSolution
		{45406504-615C-41E6-842D-796C9F2CCEFE}.Debug|x64.ActiveCfg = Debug|x64
		{45406504-615C-41E6-842D-796C9F2CCEFE}.Debug|x64.Build.0 = Debug|x64
		{45406504-615C-41E6-842D-796C9F2CCEFE}.Debug|x86.ActiveCfg = Debug|Win32
		{45406504-615C-41E6-842D-796C9F2CCEFE}.Debug|x86.Build.0 = Debug|Win32
		{45406504-615C-41E6-842D-796C9F2CCEFE}.Release|x64.ActiveCfg = Release|x64
		{45406504-615C-41E6-842D-796C9F2CCEFE}.Release|x64.Build.0 = Release|x64
		{45406504-615C-41E6-842D-796C9F2CCEFE}.Release|x86.ActiveCfg = Release|Win32
		{45406504-615C-41E6-842D-796C9F2CCEFE}.Release|x86.Build.0 = Release|Win32
	EndGlobalSection
	GlobalSection(SolutionProperties) = preSolution
		HideSolutionNode = FALSE
	EndGlobalSection
	GlobalSection(ExtensibilityGlobals) = postSolution
		SolutionGuid = {7615AFD5-EE6E-4C7B-AD22-7D983A03D1DE}
	EndGlobalSection
EndGlobal
